
Microsoft Visual Studio Solution File, Format Version 12.00
Project("{FAE04EC0-301F-11D3-BF4B-00C04F79EFBC}") = "Galaxy", "Galaxy/Galaxy.csproj", "{A9A487E2-40C0-4263-B009-E2A3F60B1380}"
EndProject
Project("{FAE04EC0-301F-11D3-BF4B-00C04F79EFBC}") = "GalaxyExampleServer", "GalaxyExampleServer\GalaxyExampleServer.csproj", "{928B8C8A-06F2-4F60-85B9-DF15CB3565D4}"
EndProject
Project("{FAE04EC0-301F-11D3-BF4B-00C04F79EFBC}") = "Galaxy.Tcp", "Galaxy.Tcp\Galaxy.Tcp.csproj", "{928B8C8A-06F2-4F60-85B9-DF15CB3565D4}"
EndProject
Project("{FAE04EC0-301F-11D3-BF4B-00C04F79EFBC}") = "GalaxyExampleTcpServer", "GalaxyExampleTcpServer \GalaxyExampleTcpServer.csproj", "{0E645A26-612A-49AD-806F-8DCFE0D35D93}"
EndProject
Project("{FAE04EC0-301F-11D3-BF4B-00C04F79EFBC}") = "GalaxyHelloWorldTcpServer", "GalaxyHelloWorldTcpServer\GalaxyHelloWorldTcpServer.csproj", "{71A14BA6-4829-4BD4-9EEA-0D05AF18558B}"
EndProject
Project("{FAE04EC0-301F-11D3-BF4B-00C04F79EFBC}") = "Etsi.Minecraft", "Etsi.Minecraft\Etsi.Minecraft.csproj", "{7326F0DF-ABF1-4A9D-A7DF-D03C56240A5E}"
EndProject
Project("{FAE04EC0-301F-11D3-BF4B-00C04F79EFBC}") = "Galaxy.Sitekit", "Galaxy.Sitekit\Galaxy.Sitekit.csproj", "{FDC7953E-B1A8-4FC0-A49B-84DD72228D71}"
EndProject
Project("{FAE04EC0-301F-11D3-BF4B-00C04F79EFBC}") = "GalaxySitekitExampleServer", "GalaxySitekitExampleServer\GalaxySitekitExampleServer.csproj", "{240C5F83-2476-41AF-93F1-230BDBE68A99}"
EndProject
Global
	GlobalSection(SolutionConfigurationPlatforms) = preSolution
		Debug|Any CPU = Debug|Any CPU
		Release|Any CPU = Release|Any CPU
	EndGlobalSection
	GlobalSection(ProjectConfigurationPlatforms) = postSolution
		{A9A487E2-40C0-4263-B009-E2A3F60B1380}.Debug|Any CPU.ActiveCfg = Debug|Any CPU
		{A9A487E2-40C0-4263-B009-E2A3F60B1380}.Debug|Any CPU.Build.0 = Debug|Any CPU
		{A9A487E2-40C0-4263-B009-E2A3F60B1380}.Release|Any CPU.ActiveCfg = Release|Any CPU
		{A9A487E2-40C0-4263-B009-E2A3F60B1380}.Release|Any CPU.Build.0 = Release|Any CPU
		{928B8C8A-06F2-4F60-85B9-DF15CB3565D4}.Debug|Any CPU.ActiveCfg = Debug|Any CPU
		{928B8C8A-06F2-4F60-85B9-DF15CB3565D4}.Debug|Any CPU.Build.0 = Debug|Any CPU
		{928B8C8A-06F2-4F60-85B9-DF15CB3565D4}.Release|Any CPU.ActiveCfg = Release|Any CPU
		{928B8C8A-06F2-4F60-85B9-DF15CB3565D4}.Release|Any CPU.Build.0 = Release|Any CPU
		{0E645A26-612A-49AD-806F-8DCFE0D35D93}.Debug|Any CPU.ActiveCfg = Debug|Any CPU
		{0E645A26-612A-49AD-806F-8DCFE0D35D93}.Debug|Any CPU.Build.0 = Debug|Any CPU
		{0E645A26-612A-49AD-806F-8DCFE0D35D93}.Release|Any CPU.ActiveCfg = Release|Any CPU
		{0E645A26-612A-49AD-806F-8DCFE0D35D93}.Release|Any CPU.Build.0 = Release|Any CPU
		{71A14BA6-4829-4BD4-9EEA-0D05AF18558B}.Debug|Any CPU.ActiveCfg = Debug|Any CPU
		{71A14BA6-4829-4BD4-9EEA-0D05AF18558B}.Debug|Any CPU.Build.0 = Debug|Any CPU
		{71A14BA6-4829-4BD4-9EEA-0D05AF18558B}.Release|Any CPU.ActiveCfg = Release|Any CPU
		{71A14BA6-4829-4BD4-9EEA-0D05AF18558B}.Release|Any CPU.Build.0 = Release|Any CPU
		{7326F0DF-ABF1-4A9D-A7DF-D03C56240A5E}.Debug|Any CPU.ActiveCfg = Debug|Any CPU
		{7326F0DF-ABF1-4A9D-A7DF-D03C56240A5E}.Debug|Any CPU.Build.0 = Debug|Any CPU
		{7326F0DF-ABF1-4A9D-A7DF-D03C56240A5E}.Release|Any CPU.ActiveCfg = Release|Any CPU
		{7326F0DF-ABF1-4A9D-A7DF-D03C56240A5E}.Release|Any CPU.Build.0 = Release|Any CPU
		{FDC7953E-B1A8-4FC0-A49B-84DD72228D71}.Debug|Any CPU.ActiveCfg = Debug|Any CPU
		{FDC7953E-B1A8-4FC0-A49B-84DD72228D71}.Debug|Any CPU.Build.0 = Debug|Any CPU
		{FDC7953E-B1A8-4FC0-A49B-84DD72228D71}.Release|Any CPU.ActiveCfg = Release|Any CPU
		{FDC7953E-B1A8-4FC0-A49B-84DD72228D71}.Release|Any CPU.Build.0 = Release|Any CPU
		{240C5F83-2476-41AF-93F1-230BDBE68A99}.Debug|Any CPU.ActiveCfg = Debug|Any CPU
		{240C5F83-2476-41AF-93F1-230BDBE68A99}.Debug|Any CPU.Build.0 = Debug|Any CPU
		{240C5F83-2476-41AF-93F1-230BDBE68A99}.Release|Any CPU.ActiveCfg = Release|Any CPU
		{240C5F83-2476-41AF-93F1-230BDBE68A99}.Release|Any CPU.Build.0 = Release|Any CPU
	EndGlobalSection
EndGlobal
